
Microsoft Visual Studio Solution File, Format Version 12.00
# Visual Studio 15
Project("{FAE04EC0-301F-11D3-BF4B-00C04F79EFBC}") = "Assembly-CSharp", "Assembly-CSharp.csproj", "{096CAA8A-61ED-B541-70B7-A677E5FAEB85}"
EndProject
Project("{FAE04EC0-301F-11D3-BF4B-00C04F79EFBC}") = "Assembly-CSharp-Editor", "Assembly-CSharp-Editor.csproj", "{66F770E1-4627-9D93-A8A8-B15C84ED6906}"
EndProject
Global
	GlobalSection(SolutionConfigurationPlatforms) = preSolution
		Debug|Any CPU = Debug|Any CPU
		Release|Any CPU = Release|Any CPU
	EndGlobalSection
	GlobalSection(ProjectConfigurationPlatforms) = postSolution
		{096CAA8A-61ED-B541-70B7-A677E5FAEB85}.Debug|Any CPU.ActiveCfg = Debug|Any CPU
		{096CAA8A-61ED-B541-70B7-A677E5FAEB85}.Debug|Any CPU.Build.0 = Debug|Any CPU
		{096CAA8A-61ED-B541-70B7-A677E5FAEB85}.Release|Any CPU.ActiveCfg = Release|Any CPU
		{096CAA8A-61ED-B541-70B7-A677E5FAEB85}.Release|Any CPU.Build.0 = Release|Any CPU
		{66F770E1-4627-9D93-A8A8-B15C84ED6906}.Debug|Any CPU.ActiveCfg = Debug|Any CPU
		{66F770E1-4627-9D93-A8A8-B15C84ED6906}.Debug|Any CPU.Build.0 = Debug|Any CPU
		{66F770E1-4627-9D93-A8A8-B15C84ED6906}.Release|Any CPU.ActiveCfg = Release|Any CPU
		{66F770E1-4627-9D93-A8A8-B15C84ED6906}.Release|Any CPU.Build.0 = Release|Any CPU
	EndGlobalSection
	GlobalSection(SolutionProperties) = preSolution
		HideSolutionNode = FALSE
	EndGlobalSection
EndGlobal
